
Microsoft Visual Studio Solution File, Format Version 12.00
# Visual Studio Version 17
VisualStudioVersion = 17.5.002.0
MinimumVisualStudioVersion = 10.0.40219.1
Project("{9A19103F-16F7-4668-BE54-9A1E7A4F7556}") = "CMS.application", "CMS.application\CMS.application.csproj", "{C00561E7-6E0F-42E9-9E48-CD00A42D2900}"
EndProject
Project("{9A19103F-16F7-4668-BE54-9A1E7A4F7556}") = "CMS.UI.Models", "CMS.UI.Models\CMS.UI.Models.csproj", "{FA0518DE-D4E9-49CA-8687-3A84A734264F}"
EndProject
Project("{9A19103F-16F7-4668-BE54-9A1E7A4F7556}") = "myapp", "myapp\myapp.csproj", "{3D3A8B77-BE07-4B64-BEB8-7442FA5A831D}"
EndProject
Global
	GlobalSection(SolutionConfigurationPlatforms) = preSolution
		Debug|Any CPU = Debug|Any CPU
		Release|Any CPU = Release|Any CPU
	EndGlobalSection
	GlobalSection(ProjectConfigurationPlatforms) = postSolution
		{C00561E7-6E0F-42E9-9E48-CD00A42D2900}.Debug|Any CPU.ActiveCfg = Debug|Any CPU
		{C00561E7-6E0F-42E9-9E48-CD00A42D2900}.Debug|Any CPU.Build.0 = Debug|Any CPU
		{C00561E7-6E0F-42E9-9E48-CD00A42D2900}.Release|Any CPU.ActiveCfg = Release|Any CPU
		{C00561E7-6E0F-42E9-9E48-CD00A42D2900}.Release|Any CPU.Build.0 = Release|Any CPU
		{FA0518DE-D4E9-49CA-8687-3A84A734264F}.Debug|Any CPU.ActiveCfg = Debug|Any CPU
		{FA0518DE-D4E9-49CA-8687-3A84A734264F}.Debug|Any CPU.Build.0 = Debug|Any CPU
		{FA0518DE-D4E9-49CA-8687-3A84A734264F}.Release|Any CPU.ActiveCfg = Release|Any CPU
		{FA0518DE-D4E9-49CA-8687-3A84A734264F}.Release|Any CPU.Build.0 = Release|Any CPU
		{3D3A8B77-BE07-4B64-BEB8-7442FA5A831D}.Debug|Any CPU.ActiveCfg = Debug|Any CPU
		{3D3A8B77-BE07-4B64-BEB8-7442FA5A831D}.Debug|Any CPU.Build.0 = Debug|Any CPU
		{3D3A8B77-BE07-4B64-BEB8-7442FA5A831D}.Release|Any CPU.ActiveCfg = Release|Any CPU
		{3D3A8B77-BE07-4B64-BEB8-7442FA5A831D}.Release|Any CPU.Build.0 = Release|Any CPU
	EndGlobalSection
	GlobalSection(SolutionProperties) = preSolution
		HideSolutionNode = FALSE
	EndGlobalSection
	GlobalSection(ExtensibilityGlobals) = postSolution
		SolutionGuid = {F7488389-E66E-4D7C-B51B-12CF47E17E97}
	EndGlobalSection
EndGlobal
