
Microsoft Visual Studio Solution File, Format Version 12.00
# Visual Studio Version 17
VisualStudioVersion = 17.8.34330.188
MinimumVisualStudioVersion = 10.0.40219.1
Project("{FAE04EC0-301F-11D3-BF4B-00C04F79EFBC}") = "LambdaExpressions", "LambdaExpressions.csproj", "{30C2C5A6-6512-4801-AD40-A1E596898CDF}"
EndProject
Global
	GlobalSection(SolutionConfigurationPlatforms) = preSolution
		Debug|Any CPU = Debug|Any CPU
		Release|Any CPU = Release|Any CPU
	EndGlobalSection
	GlobalSection(ProjectConfigurationPlatforms) = postSolution
		{30C2C5A6-6512-4801-AD40-A1E596898CDF}.Debug|Any CPU.ActiveCfg = Debug|Any CPU
		{30C2C5A6-6512-4801-AD40-A1E596898CDF}.Debug|Any CPU.Build.0 = Debug|Any CPU
		{30C2C5A6-6512-4801-AD40-A1E596898CDF}.Release|Any CPU.ActiveCfg = Release|Any CPU
		{30C2C5A6-6512-4801-AD40-A1E596898CDF}.Release|Any CPU.Build.0 = Release|Any CPU
	EndGlobalSection
	GlobalSection(SolutionProperties) = preSolution
		HideSolutionNode = FALSE
	EndGlobalSection
	GlobalSection(ExtensibilityGlobals) = postSolution
		SolutionGuid = {D9B772B0-16A7-4A44-A85C-A8CCE2872655}
	EndGlobalSection
EndGlobal
