
Microsoft Visual Studio Solution File, Format Version 12.00
# Visual Studio Version 17
VisualStudioVersion = 17.8.34330.188
MinimumVisualStudioVersion = 10.0.40219.1
Project("{FAE04EC0-301F-11D3-BF4B-00C04F79EFBC}") = "ClassLibrary1", "ClassLibrary1.csproj", "{5C6FC2FE-1461-4AB0-A591-6A0C4A573270}"
EndProject
Global
	GlobalSection(SolutionConfigurationPlatforms) = preSolution
		Debug|Any CPU = Debug|Any CPU
		Release|Any CPU = Release|Any CPU
	EndGlobalSection
	GlobalSection(ProjectConfigurationPlatforms) = postSolution
		{5C6FC2FE-1461-4AB0-A591-6A0C4A573270}.Debug|Any CPU.ActiveCfg = Debug|Any CPU
		{5C6FC2FE-1461-4AB0-A591-6A0C4A573270}.Debug|Any CPU.Build.0 = Debug|Any CPU
		{5C6FC2FE-1461-4AB0-A591-6A0C4A573270}.Release|Any CPU.ActiveCfg = Release|Any CPU
		{5C6FC2FE-1461-4AB0-A591-6A0C4A573270}.Release|Any CPU.Build.0 = Release|Any CPU
	EndGlobalSection
	GlobalSection(SolutionProperties) = preSolution
		HideSolutionNode = FALSE
	EndGlobalSection
	GlobalSection(ExtensibilityGlobals) = postSolution
		SolutionGuid = {F794E8DF-0123-43A6-937A-5EB7DCF3E5A3}
	EndGlobalSection
EndGlobal
