
Microsoft Visual Studio Solution File, Format Version 12.00
# Visual Studio Version 17
VisualStudioVersion = 17.8.34330.188
MinimumVisualStudioVersion = 10.0.40219.1
Project("{FAE04EC0-301F-11D3-BF4B-00C04F79EFBC}") = "CollectionProject", "CollectionProject.csproj", "{A7F75939-0FA3-412E-A833-A66A0327DDC7}"
EndProject
Global
	GlobalSection(SolutionConfigurationPlatforms) = preSolution
		Debug|Any CPU = Debug|Any CPU
		Release|Any CPU = Release|Any CPU
	EndGlobalSection
	GlobalSection(ProjectConfigurationPlatforms) = postSolution
		{A7F75939-0FA3-412E-A833-A66A0327DDC7}.Debug|Any CPU.ActiveCfg = Debug|Any CPU
		{A7F75939-0FA3-412E-A833-A66A0327DDC7}.Debug|Any CPU.Build.0 = Debug|Any CPU
		{A7F75939-0FA3-412E-A833-A66A0327DDC7}.Release|Any CPU.ActiveCfg = Release|Any CPU
		{A7F75939-0FA3-412E-A833-A66A0327DDC7}.Release|Any CPU.Build.0 = Release|Any CPU
	EndGlobalSection
	GlobalSection(SolutionProperties) = preSolution
		HideSolutionNode = FALSE
	EndGlobalSection
	GlobalSection(ExtensibilityGlobals) = postSolution
		SolutionGuid = {533BEDB6-B38B-464E-AA3F-E667E3533403}
	EndGlobalSection
EndGlobal
