
Microsoft Visual Studio Solution File, Format Version 12.00
# Visual Studio Version 17
VisualStudioVersion = 17.8.34330.188
MinimumVisualStudioVersion = 10.0.40219.1
Project("{FAE04EC0-301F-11D3-BF4B-00C04F79EFBC}") = "ExceptionExamples", "ExceptionExamples.csproj", "{6751938D-2A1C-43EC-BC21-ABF21DC50A2F}"
EndProject
Global
	GlobalSection(SolutionConfigurationPlatforms) = preSolution
		Debug|Any CPU = Debug|Any CPU
		Release|Any CPU = Release|Any CPU
	EndGlobalSection
	GlobalSection(ProjectConfigurationPlatforms) = postSolution
		{6751938D-2A1C-43EC-BC21-ABF21DC50A2F}.Debug|Any CPU.ActiveCfg = Debug|Any CPU
		{6751938D-2A1C-43EC-BC21-ABF21DC50A2F}.Debug|Any CPU.Build.0 = Debug|Any CPU
		{6751938D-2A1C-43EC-BC21-ABF21DC50A2F}.Release|Any CPU.ActiveCfg = Release|Any CPU
		{6751938D-2A1C-43EC-BC21-ABF21DC50A2F}.Release|Any CPU.Build.0 = Release|Any CPU
	EndGlobalSection
	GlobalSection(SolutionProperties) = preSolution
		HideSolutionNode = FALSE
	EndGlobalSection
	GlobalSection(ExtensibilityGlobals) = postSolution
		SolutionGuid = {B1FFAB50-5120-40E8-900C-80FA3CDC21D5}
	EndGlobalSection
EndGlobal
