
Microsoft Visual Studio Solution File, Format Version 12.00
# Visual Studio Version 17
VisualStudioVersion = 17.8.34330.188
MinimumVisualStudioVersion = 10.0.40219.1
Project("{FAE04EC0-301F-11D3-BF4B-00C04F79EFBC}") = "PolyMorphism", "PolyMorphism.csproj", "{3E01D1DF-0091-48E5-9792-26E147100318}"
EndProject
Global
	GlobalSection(SolutionConfigurationPlatforms) = preSolution
		Debug|Any CPU = Debug|Any CPU
		Release|Any CPU = Release|Any CPU
	EndGlobalSection
	GlobalSection(ProjectConfigurationPlatforms) = postSolution
		{3E01D1DF-0091-48E5-9792-26E147100318}.Debug|Any CPU.ActiveCfg = Debug|Any CPU
		{3E01D1DF-0091-48E5-9792-26E147100318}.Debug|Any CPU.Build.0 = Debug|Any CPU
		{3E01D1DF-0091-48E5-9792-26E147100318}.Release|Any CPU.ActiveCfg = Release|Any CPU
		{3E01D1DF-0091-48E5-9792-26E147100318}.Release|Any CPU.Build.0 = Release|Any CPU
	EndGlobalSection
	GlobalSection(SolutionProperties) = preSolution
		HideSolutionNode = FALSE
	EndGlobalSection
	GlobalSection(ExtensibilityGlobals) = postSolution
		SolutionGuid = {5B61DF39-132C-47FD-9304-FDB2D3F36C19}
	EndGlobalSection
EndGlobal
