
Microsoft Visual Studio Solution File, Format Version 12.00
# Visual Studio Version 17
VisualStudioVersion = 17.8.34330.188
MinimumVisualStudioVersion = 10.0.40219.1
Project("{FAE04EC0-301F-11D3-BF4B-00C04F79EFBC}") = "Events", "Events.csproj", "{3CD5A61B-A8B3-4506-9505-82D957E1BC3D}"
EndProject
Global
	GlobalSection(SolutionConfigurationPlatforms) = preSolution
		Debug|Any CPU = Debug|Any CPU
		Release|Any CPU = Release|Any CPU
	EndGlobalSection
	GlobalSection(ProjectConfigurationPlatforms) = postSolution
		{3CD5A61B-A8B3-4506-9505-82D957E1BC3D}.Debug|Any CPU.ActiveCfg = Debug|Any CPU
		{3CD5A61B-A8B3-4506-9505-82D957E1BC3D}.Debug|Any CPU.Build.0 = Debug|Any CPU
		{3CD5A61B-A8B3-4506-9505-82D957E1BC3D}.Release|Any CPU.ActiveCfg = Release|Any CPU
		{3CD5A61B-A8B3-4506-9505-82D957E1BC3D}.Release|Any CPU.Build.0 = Release|Any CPU
	EndGlobalSection
	GlobalSection(SolutionProperties) = preSolution
		HideSolutionNode = FALSE
	EndGlobalSection
	GlobalSection(ExtensibilityGlobals) = postSolution
		SolutionGuid = {D1B72D59-1037-49DF-9227-BF8852458D6D}
	EndGlobalSection
EndGlobal
